PODS:
  - CustomPopUpView (1.0.0)

DEPENDENCIES:
  - CustomPopUpView (from `https://github.com/BhavinGupta/CustomPopUpView.git`)

EXTERNAL SOURCES:
  CustomPopUpView:
    :git: https://github.com/BhavinGupta/CustomPopUpView.git

CHECKOUT OPTIONS:
  CustomPopUpView:
    :commit: 9c6962a77617a60ef555f6d1392075d9e7e833d1
    :git: https://github.com/BhavinGupta/CustomPopUpView.git

SPEC CHECKSUMS:
  CustomPopUpView: b4ffbe965a8b1d632278ba20d726f782da169603

PODFILE CHECKSUM: 0e81b9f49dfb5ce4825379ee4c33b3fed9b04d44

COCOAPODS: 1.3.0.beta.1
